Microsoft Visual Studio Solution File, Format Version 12.00
# Visual Studio 2012
Project("{FAE04EC0-301F-11D3-BF4B-00C04F79EFBC}") = "KlausKGitHub", "KlausKGitHub.csproj", "{AC7E7B0F-B43E-4E7A-82C3-86BD8DE70BD2}"
EndProject
Global
	GlobalSection(SolutionConfigurationPlatforms) = preSolution
	Debug|Any CPU = Debug|Any CPU
	Release|Any CPU = Release|Any CPU
	Tools|Any CPU = Tools|Any CPU
	EndGlobalSection
	GlobalSection(ProjectConfigurationPlatforms) = postSolution
		{AC7E7B0F-B43E-4E7A-82C3-86BD8DE70BD2}.Debug|Any CPU.ActiveCfg = Debug|Any CPU
		{AC7E7B0F-B43E-4E7A-82C3-86BD8DE70BD2}.Debug|Any CPU.Build.0 = Debug|Any CPU
		{AC7E7B0F-B43E-4E7A-82C3-86BD8DE70BD2}.Release|Any CPU.ActiveCfg = Release|Any CPU
		{AC7E7B0F-B43E-4E7A-82C3-86BD8DE70BD2}.Release|Any CPU.Build.0 = Release|Any CPU
		{AC7E7B0F-B43E-4E7A-82C3-86BD8DE70BD2}.Tools|Any CPU.ActiveCfg = Tools|Any CPU
		{AC7E7B0F-B43E-4E7A-82C3-86BD8DE70BD2}.Tools|Any CPU.Build.0 = Tools|Any CPU
	EndGlobalSection
EndGlobal
